// !$*UTF8*$!
{
	archiveVersion = 1;
	classes = {
	};
	objectVersion = 50;
	objects = {

/* Begin PBXBuildFile section */
		DCA5220621CFDF850061A981 /* AppDelegate.swift in Sources */ = {isa = PBXBuildFile; fileRef = DCA5220521CFDF850061A981 /* AppDelegate.swift */; };
		DCA5220821CFDF850061A981 /* ViewController.swift in Sources */ = {isa = PBXBuildFile; fileRef = DCA5220721CFDF850061A981 /* ViewController.swift */; };
		DCA5220B21CFDF850061A981 /* Main.storyboard in Resources */ = {isa = PBXBuildFile; fileRef = DCA5220921CFDF850061A981 /* Main.storyboard */; };
		DCA5220D21CFDF890061A981 /* Assets.xcassets in Resources */ = {isa = PBXBuildFile; fileRef = DCA5220C21CFDF890061A981 /* Assets.xcassets */; };
		DCA5221021CFDF890061A981 /* LaunchScreen.storyboard in Resources */ = {isa = PBXBuildFile; fileRef = DCA5220E21CFDF890061A981 /* LaunchScreen.storyboard */; };
		DCA5221B21CFDF890061A981 /* AlamoFireTests.swift in Sources */ = {isa = PBXBuildFile; fileRef = DCA5221A21CFDF890061A981 /* AlamoFireTests.swift */; };
		DCA5222621CFDF890061A981 /* AlamoFireUITests.swift in Sources */ = {isa = PBXBuildFile; fileRef = DCA5222521CFDF890061A981 /* AlamoFireUITests.swift */; };
/* End PBXBuildFile section */

/* Begin PBXContainerItemProxy section */
		DCA5221721CFDF890061A981 /* PBXContainerItemProxy */ = {
			isa = PBXContainerItemProxy;
			containerPortal = DCA521FA21CFDF850061A981 /* Project object */;
			proxyType = 1;
			remoteGlobalIDString = DCA5220121CFDF850061A981;
			remoteInfo = AlamoFire;
		};
		DCA5222221CFDF890061A981 /* PBXContainerItemProxy */ = {
			isa = PBXContainerItemProxy;
			containerPortal = DCA521FA21CFDF850061A981 /* Project object */;
			proxyType = 1;
			remoteGlobalIDString = DCA5220121CFDF850061A981;
			remoteInfo = AlamoFire;
		};
/* End PBXContainerItemProxy section */

/* Begin PBXFileReference section */
		DCA5220221CFDF850061A981 /* AlamoFire.app */ = {isa = PBXFileReference; explicitFileType = wrapper.application; includeInIndex = 0; path = AlamoFire.app; sourceTree = BUILT_PRODUCTS_DIR; };
		DCA5220521CFDF850061A981 /* AppDelegate.swift */ = {isa = PBXFileReference; lastKnownFileType = sourcecode.swift; path = AppDelegate.swift; sourceTree = "<group>"; };
		DCA5220721CFDF850061A981 /* ViewController.swift */ = {isa = PBXFileReference; lastKnownFileType = sourcecode.swift; path = ViewController.swift; sourceTree = "<group>"; };
		DCA5220A21CFDF850061A981 /* Base */ = {isa = PBXFileReference; lastKnownFileType = file.storyboard; name = Base; path = Base.lproj/Main.storyboard; sourceTree = "<group>"; };
		DCA5220C21CFDF890061A981 /* Assets.xcassets */ = {isa = PBXFileReference; lastKnownFileType = folder.assetcatalog; path = Assets.xcassets; sourceTree = "<group>"; };
		DCA5220F21CFDF890061A981 /* Base */ = {isa = PBXFileReference; lastKnownFileType = file.storyboard; name = Base; path = Base.lproj/LaunchScreen.storyboard; sourceTree = "<group>"; };
		DCA5221121CFDF890061A981 /* Info.plist */ = {isa = PBXFileReference; lastKnownFileType = text.plist.xml; path = Info.plist; sourceTree = "<group>"; };
		DCA5221621CFDF890061A981 /* AlamoFireTests.xctest */ = {isa = PBXFileReference; explicitFileType = wrapper.cfbundle; includeInIndex = 0; path = AlamoFireTests.xctest; sourceTree = BUILT_PRODUCTS_DIR; };
		DCA5221A21CFDF890061A981 /* AlamoFireTests.swift */ = {isa = PBXFileReference; lastKnownFileType = sourcecode.swift; path = AlamoFireTests.swift; sourceTree = "<group>"; };
		DCA5221C21CFDF890061A981 /* Info.plist */ = {isa = PBXFileReference; lastKnownFileType = text.plist.xml; path = Info.plist; sourceTree = "<group>"; };
		DCA5222121CFDF890061A981 /* AlamoFireUITests.xctest */ = {isa = PBXFileReference; explicitFileType = wrapper.cfbundle; includeInIndex = 0; path = AlamoFireUITests.xctest; sourceTree = BUILT_PRODUCTS_DIR; };
		DCA5222521CFDF890061A981 /* AlamoFireUITests.swift */ = {isa = PBXFileReference; lastKnownFileType = sourcecode.swift; path = AlamoFireUITests.swift; sourceTree = "<group>"; };
		DCA5222721CFDF890061A981 /* Info.plist */ = {isa = PBXFileReference; lastKnownFileType = text.plist.xml; path = Info.plist; sourceTree = "<group>"; };
/* End PBXFileReference section */

/* Begin PBXFrameworksBuildPhase section */
		DCA521FF21CFDF850061A981 /* Frameworks */ = {
			isa = PBXFrameworksBuildPhase;
			buildActionMask = 2147483647;
			files = (
			);
			runOnlyForDeploymentPostprocessing = 0;
		};
		DCA5221321CFDF890061A981 /* Frameworks */ = {
			isa = PBXFrameworksBuildPhase;
			buildActionMask = 2147483647;
			files = (
			);
			runOnlyForDeploymentPostprocessing = 0;
		};
		DCA5221E21CFDF890061A981 /* Frameworks */ = {
			isa = PBXFrameworksBuildPhase;
			buildActionMask = 2147483647;
			files = (
			);
			runOnlyForDeploymentPostprocessing = 0;
		};
/* End PBXFrameworksBuildPhase section */

/* Begin PBXGroup section */
		DCA521F921CFDF850061A981 = {
			isa = PBXGroup;
			children = (
				DCA5220421CFDF850061A981 /* AlamoFire */,
				DCA5221921CFDF890061A981 /* AlamoFireTests */,
				DCA5222421CFDF890061A981 /* AlamoFireUITests */,
				DCA5220321CFDF850061A981 /* Products */,
			);
			sourceTree = "<group>";
		};
		DCA5220321CFDF850061A981 /* Products */ = {
			isa = PBXGroup;
			children = (
				DCA5220221CFDF850061A981 /* AlamoFire.app */,
				DCA5221621CFDF890061A981 /* AlamoFireTests.xctest */,
				DCA5222121CFDF890061A981 /* AlamoFireUITests.xctest */,
			);
			name = Products;
			sourceTree = "<group>";
		};
		DCA5220421CFDF850061A981 /* AlamoFire */ = {
			isa = PBXGroup;
			children = (
				DCA5220521CFDF850061A981 /* AppDelegate.swift */,
				DCA5220721CFDF850061A981 /* ViewController.swift */,
				DCA5220921CFDF850061A981 /* Main.storyboard */,
				DCA5220C21CFDF890061A981 /* Assets.xcassets */,
				DCA5220E21CFDF890061A981 /* LaunchScreen.storyboard */,
				DCA5221121CFDF890061A981 /* Info.plist */,
			);
			path = AlamoFire;
			sourceTree = "<group>";
		};
		DCA5221921CFDF890061A981 /* AlamoFireTests */ = {
			isa = PBXGroup;
			children = (
				DCA5221A21CFDF890061A981 /* AlamoFireTests.swift */,
				DCA5221C21CFDF890061A981 /* Info.plist */,
			);
			path = AlamoFireTests;
			sourceTree = "<group>";
		};
		DCA5222421CFDF890061A981 /* AlamoFireUITests */ = {
			isa = PBXGroup;
			children = (
				DCA5222521CFDF890061A981 /* AlamoFireUITests.swift */,
				DCA5222721CFDF890061A981 /* Info.plist */,
			);
			path = AlamoFireUITests;
			sourceTree = "<group>";
		};
/* End PBXGroup section */

/* Begin PBXNativeTarget section */
		DCA5220121CFDF850061A981 /* AlamoFire */ = {
			isa = PBXNativeTarget;
			buildConfigurationList = DCA5222A21CFDF890061A981 /* Build configuration list for PBXNativeTarget "AlamoFire" */;
			buildPhases = (
				DCA521FE21CFDF850061A981 /* Sources */,
				DCA521FF21CFDF850061A981 /* Frameworks */,
				DCA5220021CFDF850061A981 /* Resources */,
			);
			buildRules = (
			);
			dependencies = (
			);
			name = AlamoFire;
			productName = AlamoFire;
			productReference = DCA5220221CFDF850061A981 /* AlamoFire.app */;
			productType = "com.apple.product-type.application";
		};
		DCA5221521CFDF890061A981 /* AlamoFireTests */ = {
			isa = PBXNativeTarget;
			buildConfigurationList = DCA5222D21CFDF890061A981 /* Build configuration list for PBXNativeTarget "AlamoFireTests" */;
			buildPhases = (
				DCA5221221CFDF890061A981 /* Sources */,
				DCA5221321CFDF890061A981 /* Frameworks */,
				DCA5221421CFDF890061A981 /* Resources */,
			);
			buildRules = (
			);
			dependencies = (
				DCA5221821CFDF890061A981 /* PBXTargetDependency */,
			);
			name = AlamoFireTests;
			productName = AlamoFireTests;
			productReference = DCA5221621CFDF890061A981 /* AlamoFireTests.xctest */;
			productType = "com.apple.product-type.bundle.unit-test";
		};
		DCA5222021CFDF890061A981 /* AlamoFireUITests */ = {
			isa = PBXNativeTarget;
			buildConfigurationList = DCA5223021CFDF890061A981 /* Build configuration list for PBXNativeTarget "AlamoFireUITests" */;
			buildPhases = (
				DCA5221D21CFDF890061A981 /* Sources */,
				DCA5221E21CFDF890061A981 /* Frameworks */,
				DCA5221F21CFDF890061A981 /* Resources */,
			);
			buildRules = (
			);
			dependencies = (
				DCA5222321CFDF890061A981 /* PBXTargetDependency */,
			);
			name = AlamoFireUITests;
			productName = AlamoFireUITests;
			productReference = DCA5222121CFDF890061A981 /* AlamoFireUITests.xctest */;
			productType = "com.apple.product-type.bundle.ui-testing";
		};
/* End PBXNativeTarget section */

/* Begin PBXProject section */
		DCA521FA21CFDF850061A981 /* Project object */ = {
			isa = PBXProject;
			attributes = {
				LastSwiftUpdateCheck = 1010;
				LastUpgradeCheck = 1010;
				ORGANIZATIONNAME = "Akhila Chatharaju";
				TargetAttributes = {
					DCA5220121CFDF850061A981 = {
						CreatedOnToolsVersion = 10.1;
					};
					DCA5221521CFDF890061A981 = {
						CreatedOnToolsVersion = 10.1;
						TestTargetID = DCA5220121CFDF850061A981;
					};
					DCA5222021CFDF890061A981 = {
						CreatedOnToolsVersion = 10.1;
						TestTargetID = DCA5220121CFDF850061A981;
					};
				};
			};
			buildConfigurationList = DCA521FD21CFDF850061A981 /* Build configuration list for PBXProject "AlamoFire" */;
			compatibilityVersion = "Xcode 9.3";
			developmentRegion = en;
			hasScannedForEncodings = 0;
			knownRegions = (
				en,
				Base,
			);
			mainGroup = DCA521F921CFDF850061A981;
			productRefGroup = DCA5220321CFDF850061A981 /* Products */;
			projectDirPath = "";
			projectRoot = "";
			targets = (
				DCA5220121CFDF850061A981 /* AlamoFire */,
				DCA5221521CFDF890061A981 /* AlamoFireTests */,
				DCA5222021CFDF890061A981 /* AlamoFireUITests */,
			);
		};
/* End PBXProject section */

/* Begin PBXResourcesBuildPhase section */
		DCA5220021CFDF850061A981 /* Resources */ = {
			isa = PBXResourcesBuildPhase;
			buildActionMask = 2147483647;
			files = (
				DCA5221021CFDF890061A981 /* LaunchScreen.storyboard in Resources */,
				DCA5220D21CFDF890061A981 /* Assets.xcassets in Resources */,
				DCA5220B21CFDF850061A981 /* Main.storyboard in Resources */,
			);
			runOnlyForDeploymentPostprocessing = 0;
		};
		DCA5221421CFDF890061A981 /* Resources */ = {
			isa = PBXResourcesBuildPhase;
			buildActionMask = 2147483647;
			files = (
			);
			runOnlyForDeploymentPostprocessing = 0;
		};
		DCA5221F21CFDF890061A981 /* Resources */ = {
			isa = PBXResourcesBuildPhase;
			buildActionMask = 2147483647;
			files = (
			);
			runOnlyForDeploymentPostprocessing = 0;
		};
/* End PBXResourcesBuildPhase section */

/* Begin PBXSourcesBuildPhase section */
		DCA521FE21CFDF850061A981 /* Sources */ = {
			isa = PBXSourcesBuildPhase;
			buildActionMask = 2147483647;
			files = (
				DCA5220821CFDF850061A981 /* ViewController.swift in Sources */,
				DCA5220621CFDF850061A981 /* AppDelegate.swift in Sources */,
			);
			runOnlyForDeploymentPostprocessing = 0;
		};
		DCA5221221CFDF890061A981 /* Sources */ = {
			isa = PBXSourcesBuildPhase;
			buildActionMask = 2147483647;
			files = (
				DCA5221B21CFDF890061A981 /* AlamoFireTests.swift in Sources */,
			);
			runOnlyForDeploymentPostprocessing = 0;
		};
		DCA5221D21CFDF890061A981 /* Sources */ = {
			isa = PBXSourcesBuildPhase;
			buildActionMask = 2147483647;
			files = (
				DCA5222621CFDF890061A981 /* AlamoFireUITests.swift in Sources */,
			);
			runOnlyForDeploymentPostprocessing = 0;
		};
/* End PBXSourcesBuildPhase section */

/* Begin PBXTargetDependency section */
		DCA5221821CFDF890061A981 /* PBXTargetDependency */ = {
			isa = PBXTargetDependency;
			target = DCA5220121CFDF850061A981 /* AlamoFire */;
			targetProxy = DCA5221721CFDF890061A981 /* PBXContainerItemProxy */;
		};
		DCA5222321CFDF890061A981 /* PBXTargetDependency */ = {
			isa = PBXTargetDependency;
			target = DCA5220121CFDF850061A981 /* AlamoFire */;
			targetProxy = DCA5222221CFDF890061A981 /* PBXContainerItemProxy */;
		};
/* End PBXTargetDependency section */

/* Begin PBXVariantGroup section */
		DCA5220921CFDF850061A981 /* Main.storyboard */ = {
			isa = PBXVariantGroup;
			children = (
				DCA5220A21CFDF850061A981 /* Base */,
			);
			name = Main.storyboard;
			sourceTree = "<group>";
		};
		DCA5220E21CFDF890061A981 /* LaunchScreen.storyboard */ = {
			isa = PBXVariantGroup;
			children = (
				DCA5220F21CFDF890061A981 /* Base */,
			);
			name = LaunchScreen.storyboard;
			sourceTree = "<group>";
		};
/* End PBXVariantGroup section */

/* Begin XCBuildConfiguration section */
		DCA5222821CFDF890061A981 /* Debug */ = {
			isa = XCBuildConfiguration;
			buildSettings = {
				ALWAYS_SEARCH_USER_PATHS = NO;
				CLANG_ANALYZER_NONNULL = YES;
				CLANG_ANALYZER_NUMBER_OBJECT_CONVERSION = YES_AGGRESSIVE;
				CLANG_CXX_LANGUAGE_STANDARD = "gnu++14";
				CLANG_CXX_LIBRARY = "libc++";
				CLANG_ENABLE_MODULES = YES;
				CLANG_ENABLE_OBJC_ARC = YES;
				CLANG_ENABLE_OBJC_WEAK = YES;
				CLANG_WARN_BLOCK_CAPTURE_AUTORELEASING = YES;
				CLANG_WARN_BOOL_CONVERSION = YES;
				CLANG_WARN_COMMA = YES;
				CLANG_WARN_CONSTANT_CONVERSION = YES;
				CLANG_WARN_DEPRECATED_OBJC_IMPLEMENTATIONS = YES;
				CLANG_WARN_DIRECT_OBJC_ISA_USAGE = YES_ERROR;
				CLANG_WARN_DOCUMENTATION_COMMENTS = YES;
				CLANG_WARN_EMPTY_BODY = YES;
				CLANG_WARN_ENUM_CONVERSION = YES;
				CLANG_WARN_INFINITE_RECURSION = YES;
				CLANG_WARN_INT_CONVERSION = YES;
				CLANG_WARN_NON_LITERAL_NULL_CONVERSION = YES;
				CLANG_WARN_OBJC_IMPLICIT_RETAIN_SELF = YES;
				CLANG_WARN_OBJC_LITERAL_CONVERSION = YES;
				CLANG_WARN_OBJC_ROOT_CLASS = YES_ERROR;
				CLANG_WARN_RANGE_LOOP_ANALYSIS = YES;
				CLANG_WARN_STRICT_PROTOTYPES = YES;
				CLANG_WARN_SUSPICIOUS_MOVE = YES;
				CLANG_WARN_UNGUARDED_AVAILABILITY = YES_AGGRESSIVE;
				CLANG_WARN_UNREACHABLE_CODE = YES;
				CLANG_WARN__DUPLICATE_METHOD_MATCH = YES;
				CODE_SIGN_IDENTITY = "iPhone Developer";
				COPY_PHASE_STRIP = NO;
				DEBUG_INFORMATION_FORMAT = dwarf;
				ENABLE_STRICT_OBJC_MSGSEND = YES;
				ENABLE_TESTABILITY = YES;
				GCC_C_LANGUAGE_STANDARD = gnu11;
				GCC_DYNAMIC_NO_PIC = NO;
				GCC_NO_COMMON_BLOCKS = YES;
				GCC_OPTIMIZATION_LEVEL = 0;
				GCC_PREPROCESSOR_DEFINITIONS = (
					"DEBUG=1",
					"$(inherited)",
				);
				GCC_WARN_64_TO_32_BIT_CONVERSION = YES;
				GCC_WARN_ABOUT_RETURN_TYPE = YES_ERROR;
				GCC_WARN_UNDECLARED_SELECTOR = YES;
				GCC_WARN_UNINITIALIZED_AUTOS = YES_AGGRESSIVE;
				GCC_WARN_UNUSED_FUNCTION = YES;
				GCC_WARN_UNUSED_VARIABLE = YES;
				IPHONEOS_DEPLOYMENT_TARGET = 12.1;
				MTL_ENABLE_DEBUG_INFO = INCLUDE_SOURCE;
				MTL_FAST_MATH = YES;
				ONLY_ACTIVE_ARCH = YES;
				SDKROOT = iphoneos;
				SWIFT_ACTIVE_COMPILATION_CONDITIONS = DEBUG;
				SWIFT_OPTIMIZATION_LEVEL = "-Onone";
			};
			name = Debug;
		};
		DCA5222921CFDF890061A981 /* Release */ = {
			isa = XCBuildConfiguration;
			buildSettings = {
				ALWAYS_SEARCH_USER_PATHS = NO;
				CLANG_ANALYZER_NONNULL = YES;
				CLANG_ANALYZER_NUMBER_OBJECT_CONVERSION = YES_AGGRESSIVE;
				CLANG_CXX_LANGUAGE_STANDARD = "gnu++14";
				CLANG_CXX_LIBRARY = "libc++";
				CLANG_ENABLE_MODULES = YES;
				CLANG_ENABLE_OBJC_ARC = YES;
				CLANG_ENABLE_OBJC_WEAK = YES;
				CLANG_WARN_BLOCK_CAPTURE_AUTORELEASING = YES;
				CLANG_WARN_BOOL_CONVERSION = YES;
				CLANG_WARN_COMMA = YES;
				CLANG_WARN_CONSTANT_CONVERSION = YES;
				CLANG_WARN_DEPRECATED_OBJC_IMPLEMENTATIONS = YES;
				CLANG_WARN_DIRECT_OBJC_ISA_USAGE = YES_ERROR;
				CLANG_WARN_DOCUMENTATION_COMMENTS = YES;
				CLANG_WARN_EMPTY_BODY = YES;
				CLANG_WARN_ENUM_CONVERSION = YES;
				CLANG_WARN_INFINITE_RECURSION = YES;
				CLANG_WARN_INT_CONVERSION = YES;
				CLANG_WARN_NON_LITERAL_NULL_CONVERSION = YES;
				CLANG_WARN_OBJC_IMPLICIT_RETAIN_SELF = YES;
				CLANG_WARN_OBJC_LITERAL_CONVERSION = YES;
				CLANG_WARN_OBJC_ROOT_CLASS = YES_ERROR;
				CLANG_WARN_RANGE_LOOP_ANALYSIS = YES;
				CLANG_WARN_STRICT_PROTOTYPES = YES;
				CLANG_WARN_SUSPICIOUS_MOVE = YES;
				CLANG_WARN_UNGUARDED_AVAILABILITY = YES_AGGRESSIVE;
				CLANG_WARN_UNREACHABLE_CODE = YES;
				CLANG_WARN__DUPLICATE_METHOD_MATCH = YES;
				CODE_SIGN_IDENTITY = "iPhone Developer";
				COPY_PHASE_STRIP = NO;
				DEBUG_INFORMATION_FORMAT = "dwarf-with-dsym";
				ENABLE_NS_ASSERTIONS = NO;
				ENABLE_STRICT_OBJC_MSGSEND = YES;
				GCC_C_LANGUAGE_STANDARD = gnu11;
				GCC_NO_COMMON_BLOCKS = YES;
				GCC_WARN_64_TO_32_BIT_CONVERSION = YES;
				GCC_WARN_ABOUT_RETURN_TYPE = YES_ERROR;
				GCC_WARN_UNDECLARED_SELECTOR = YES;
				GCC_WARN_UNINITIALIZED_AUTOS = YES_AGGRESSIVE;
				GCC_WARN_UNUSED_FUNCTION = YES;
				GCC_WARN_UNUSED_VARIABLE = YES;
				IPHONEOS_DEPLOYMENT_TARGET = 12.1;
				MTL_ENABLE_DEBUG_INFO = NO;
				MTL_FAST_MATH = YES;
				SDKROOT = iphoneos;
				SWIFT_COMPILATION_MODE = wholemodule;
				SWIFT_OPTIMIZATION_LEVEL = "-O";
				VALIDATE_PRODUCT = YES;
			};
			name = Release;
		};
		DCA5222B21CFDF890061A981 /* Debug */ = {
			isa = XCBuildConfiguration;
			buildSettings = {
				ASSETCATALOG_COMPILER_APPICON_NAME = AppIcon;
				CODE_SIGN_STYLE = Automatic;
				INFOPLIST_FILE = AlamoFire/Info.plist;
				LD_RUNPATH_SEARCH_PATHS = (
					"$(inherited)",
					"@executable_path/Frameworks",
				);
				PRODUCT_BUNDLE_IDENTIFIER = com.akhila.AlamoFire;
				PRODUCT_NAME = "$(TARGET_NAME)";
				SWIFT_VERSION = 4.2;
				TARGETED_DEVICE_FAMILY = "1,2";
			};
			name = Debug;
		};
		DCA5222C21CFDF890061A981 /* Release */ = {
			isa = XCBuildConfiguration;
			buildSettings = {
				ASSETCATALOG_COMPILER_APPICON_NAME = AppIcon;
				CODE_SIGN_STYLE = Automatic;
				INFOPLIST_FILE = AlamoFire/Info.plist;
				LD_RUNPATH_SEARCH_PATHS = (
					"$(inherited)",
					"@executable_path/Frameworks",
				);
				PRODUCT_BUNDLE_IDENTIFIER = com.akhila.AlamoFire;
				PRODUCT_NAME = "$(TARGET_NAME)";
				SWIFT_VERSION = 4.2;
				TARGETED_DEVICE_FAMILY = "1,2";
			};
			name = Release;
		};
		DCA5222E21CFDF890061A981 /* Debug */ = {
			isa = XCBuildConfiguration;
			buildSettings = {
				ALWAYS_EMBED_SWIFT_STANDARD_LIBRARIES = YES;
				BUNDLE_LOADER = "$(TEST_HOST)";
				CODE_SIGN_STYLE = Automatic;
				INFOPLIST_FILE = AlamoFireTests/Info.plist;
				LD_RUNPATH_SEARCH_PATHS = (
					"$(inherited)",
					"@executable_path/Frameworks",
					"@loader_path/Frameworks",
				);
				PRODUCT_BUNDLE_IDENTIFIER = com.akhila.AlamoFireTests;
				PRODUCT_NAME = "$(TARGET_NAME)";
				SWIFT_VERSION = 4.2;
				TARGETED_DEVICE_FAMILY = "1,2";
				TEST_HOST = "$(BUILT_PRODUCTS_DIR)/AlamoFire.app/AlamoFire";
			};
			name = Debug;
		};
		DCA5222F21CFDF890061A981 /* Release */ = {
			isa = XCBuildConfiguration;
			buildSettings = {
				ALWAYS_EMBED_SWIFT_STANDARD_LIBRARIES = YES;
				BUNDLE_LOADER = "$(TEST_HOST)";
				CODE_SIGN_STYLE = Automatic;
				INFOPLIST_FILE = AlamoFireTests/Info.plist;
				LD_RUNPATH_SEARCH_PATHS = (
					"$(inherited)",
					"@executable_path/Frameworks",
					"@loader_path/Frameworks",
				);
				PRODUCT_BUNDLE_IDENTIFIER = com.akhila.AlamoFireTests;
				PRODUCT_NAME = "$(TARGET_NAME)";
				SWIFT_VERSION = 4.2;
				TARGETED_DEVICE_FAMILY = "1,2";
				TEST_HOST = "$(BUILT_PRODUCTS_DIR)/AlamoFire.app/AlamoFire";
			};
			name = Release;
		};
		DCA5223121CFDF890061A981 /* Debug */ = {
			isa = XCBuildConfiguration;
			buildSettings = {
				ALWAYS_EMBED_SWIFT_STANDARD_LIBRARIES = YES;
				CODE_SIGN_STYLE = Automatic;
				INFOPLIST_FILE = AlamoFireUITests/Info.plist;
				LD_RUNPATH_SEARCH_PATHS = (
					"$(inherited)",
					"@executable_path/Frameworks",
					"@loader_path/Frameworks",
				);
				PRODUCT_BUNDLE_IDENTIFIER = com.akhila.AlamoFireUITests;
				PRODUCT_NAME = "$(TARGET_NAME)";
				SWIFT_VERSION = 4.2;
				TARGETED_DEVICE_FAMILY = "1,2";
				TEST_TARGET_NAME = AlamoFire;
			};
			name = Debug;
		};
		DCA5223221CFDF890061A981 /* Release */ = {
			isa = XCBuildConfiguration;
			buildSettings = {
				ALWAYS_EMBED_SWIFT_STANDARD_LIBRARIES = YES;
				CODE_SIGN_STYLE = Automatic;
				INFOPLIST_FILE = AlamoFireUITests/Info.plist;
				LD_RUNPATH_SEARCH_PATHS = (
					"$(inherited)",
					"@executable_path/Frameworks",
					"@loader_path/Frameworks",
				);
				PRODUCT_BUNDLE_IDENTIFIER = com.akhila.AlamoFireUITests;
				PRODUCT_NAME = "$(TARGET_NAME)";
				SWIFT_VERSION = 4.2;
				TARGETED_DEVICE_FAMILY = "1,2";
				TEST_TARGET_NAME = AlamoFire;
			};
			name = Release;
		};
/* End XCBuildConfiguration section */

/* Begin XCConfigurationList section */
		DCA521FD21CFDF850061A981 /* Build configuration list for PBXProject "AlamoFire" */ = {
			isa = XCConfigurationList;
			buildConfigurations = (
				DCA5222821CFDF890061A981 /* Debug */,
				DCA5222921CFDF890061A981 /* Release */,
			);
			defaultConfigurationIsVisible = 0;
			defaultConfigurationName = Release;
		};
		DCA5222A21CFDF890061A981 /* Build configuration list for PBXNativeTarget "AlamoFire" */ = {
			isa = XCConfigurationList;
			buildConfigurations = (
				DCA5222B21CFDF890061A981 /* Debug */,
				DCA5222C21CFDF890061A981 /* Release */,
			);
			defaultConfigurationIsVisible = 0;
			defaultConfigurationName = Release;
		};
		DCA5222D21CFDF890061A981 /* Build configuration list for PBXNativeTarget "AlamoFireTests" */ = {
			isa = XCConfigurationList;
			buildConfigurations = (
				DCA5222E21CFDF890061A981 /* Debug */,
				DCA5222F21CFDF890061A981 /* Release */,
			);
			defaultConfigurationIsVisible = 0;
			defaultConfigurationName = Release;
		};
		DCA5223021CFDF890061A981 /* Build configuration list for PBXNativeTarget "AlamoFireUITests" */ = {
			isa = XCConfigurationList;
			buildConfigurations = (
				DCA5223121CFDF890061A981 /* Debug */,
				DCA5223221CFDF890061A981 /* Release */,
			);
			defaultConfigurationIsVisible = 0;
			defaultConfigurationName = Release;
		};
/* End XCConfigurationList section */
	};
	rootObject = DCA521FA21CFDF850061A981 /* Project object */;
}
